
Microsoft Visual Studio Solution File, Format Version 12.00
# Visual Studio Version 16
VisualStudioVersion = 16.0.29926.136
MinimumVisualStudioVersion = 10.0.40219.1
Project("{FAE04EC0-301F-11D3-BF4B-00C04F79EFBC}") = "PalindromeApp", "PalindromeApp\PalindromeApp.csproj", "{36066BA0-F3E2-4C2D-92FE-8D80CCFB6A51}"
EndProject
Project("{FAE04EC0-301F-11D3-BF4B-00C04F79EFBC}") = "TestPalindrome", "TestPalindrome\TestPalindrome.csproj", "{94F4B28E-4025-47B8-B88B-07043494812E}"
EndProject
Global
	GlobalSection(SolutionConfigurationPlatforms) = preSolution
		Debug|Any CPU = Debug|Any CPU
		Release|Any CPU = Release|Any CPU
	EndGlobalSection
	GlobalSection(ProjectConfigurationPlatforms) = postSolution
		{36066BA0-F3E2-4C2D-92FE-8D80CCFB6A51}.Debug|Any CPU.ActiveCfg = Debug|Any CPU
		{36066BA0-F3E2-4C2D-92FE-8D80CCFB6A51}.Debug|Any CPU.Build.0 = Debug|Any CPU
		{36066BA0-F3E2-4C2D-92FE-8D80CCFB6A51}.Release|Any CPU.ActiveCfg = Release|Any CPU
		{36066BA0-F3E2-4C2D-92FE-8D80CCFB6A51}.Release|Any CPU.Build.0 = Release|Any CPU
		{94F4B28E-4025-47B8-B88B-07043494812E}.Debug|Any CPU.ActiveCfg = Debug|Any CPU
		{94F4B28E-4025-47B8-B88B-07043494812E}.Debug|Any CPU.Build.0 = Debug|Any CPU
		{94F4B28E-4025-47B8-B88B-07043494812E}.Release|Any CPU.ActiveCfg = Release|Any CPU
		{94F4B28E-4025-47B8-B88B-07043494812E}.Release|Any CPU.Build.0 = Release|Any CPU
	EndGlobalSection
	GlobalSection(SolutionProperties) = preSolution
		HideSolutionNode = FALSE
	EndGlobalSection
	GlobalSection(ExtensibilityGlobals) = postSolution
		SolutionGuid = {6BB826E3-33E8-4FFA-BD9A-E2AE1464D7AC}
	EndGlobalSection
EndGlobal
